
Microsoft Visual Studio Solution File, Format Version 12.00
# Visual Studio Version 16
VisualStudioVersion = 16.0.31005.135
MinimumVisualStudioVersion = 10.0.40219.1
Project("{9A19103F-16F7-4668-BE54-9A1E7A4F7556}") = "EducativeIO", "EducativeIO\EducativeIO.csproj", "{3C33393F-DA7C-4A11-A7BA-96B3DED092AC}"
EndProject
Project("{9A19103F-16F7-4668-BE54-9A1E7A4F7556}") = "EducativeArrays", "EducativeArrays\EducativeArrays.csproj", "{8C8E0D41-B90B-46F0-BA42-C174A9AB8951}"
EndProject
Project("{9A19103F-16F7-4668-BE54-9A1E7A4F7556}") = "LeetCodeArrays", "LeetCodeArrays\LeetCodeArrays.csproj", "{AB6EC376-43DD-418F-BC17-67D28CC9725C}"
EndProject
Project("{9A19103F-16F7-4668-BE54-9A1E7A4F7556}") = "EducativeArraysNetStandard", "EducativeArraysNetStandard\EducativeArraysNetStandard.csproj", "{FF586BF9-2E2F-44B4-8F90-DBDA750C0C2A}"
EndProject
Project("{9A19103F-16F7-4668-BE54-9A1E7A4F7556}") = "Educative.IO.Common", "Educative.IO.Common\Educative.IO.Common.csproj", "{F95B721C-90D4-444E-A1B9-4C8352DC32EC}"
EndProject
Project("{9A19103F-16F7-4668-BE54-9A1E7A4F7556}") = "CodingInterviewPatterns", "CodingInterviewPatterns\CodingInterviewPatterns.csproj", "{341B4BC7-431A-4FE4-810A-AEFA918D17B4}"
EndProject
Project("{2150E333-8FDC-42A3-9474-1A3956D46DE8}") = "BackToBasics", "BackToBasics", "{5FD29EF6-5D7B-43E5-BA62-CF82725D41C0}"
EndProject
Project("{9A19103F-16F7-4668-BE54-9A1E7A4F7556}") = "Fundamentals.OutputConsole", "Fundamentals.OutputConsole\Fundamentals.OutputConsole.csproj", "{7BCFD785-2CF8-4158-9BB5-F662237FD80B}"
EndProject
Project("{9A19103F-16F7-4668-BE54-9A1E7A4F7556}") = "Fundamentals", "Fundamentals.Arrays\Fundamentals.csproj", "{76AEA379-5B8E-423D-AA2B-59F0D373D306}"
EndProject
Project("{2150E333-8FDC-42A3-9474-1A3956D46DE8}") = "G", "G", "{3DB9533B-F38F-44FF-B6B3-3315B6FF2F55}"
EndProject
Project("{9A19103F-16F7-4668-BE54-9A1E7A4F7556}") = "Questions", "G\Questions\Questions.csproj", "{7F0EAED7-9074-426A-82FD-7080FE5CDFB5}"
EndProject
Project("{2150E333-8FDC-42A3-9474-1A3956D46DE8}") = "CTCI", "CTCI", "{7C217025-51FA-46A7-9D5E-B1822E8B3D31}"
EndProject
Project("{9A19103F-16F7-4668-BE54-9A1E7A4F7556}") = "ArraysAndStrings", "CTCI\ArraysAndStrings\ArraysAndStrings.csproj", "{CA718B76-E029-4F6B-A049-1EC24B28E242}"
EndProject
Project("{2150E333-8FDC-42A3-9474-1A3956D46DE8}") = "Documents", "Documents", "{AC635197-7381-44A1-A03C-99E188E324DA}"
	ProjectSection(SolutionItems) = preProject
		Documents\DS and Algos.xlsx = Documents\DS and Algos.xlsx
	EndProjectSection
EndProject
Project("{2150E333-8FDC-42A3-9474-1A3956D46DE8}") = "LeetCode Solutions", "LeetCode Solutions", "{29F1ACF3-003A-4D52-AABA-23FA7DB870BE}"
EndProject
Project("{FAE04EC0-301F-11D3-BF4B-00C04F79EFBC}") = "LeetCodeSolutions", "LeetCode Solutions\LeetCodeSolutions\LeetCodeSolutions.csproj", "{F712C0D7-A075-4878-9179-122CEAC1176C}"
EndProject
Project("{9A19103F-16F7-4668-BE54-9A1E7A4F7556}") = "LeetCodeSolutionsConsole", "LeetCode Solutions\LeetCodeSolutionsConsole\LeetCodeSolutionsConsole.csproj", "{BB560857-F319-4ADF-B69F-2314A3C945F5}"
EndProject
Global
	GlobalSection(SolutionConfigurationPlatforms) = preSolution
		Debug|Any CPU = Debug|Any CPU
		Release|Any CPU = Release|Any CPU
	EndGlobalSection
	GlobalSection(ProjectConfigurationPlatforms) = postSolution
		{3C33393F-DA7C-4A11-A7BA-96B3DED092AC}.Debug|Any CPU.ActiveCfg = Debug|Any CPU
		{3C33393F-DA7C-4A11-A7BA-96B3DED092AC}.Debug|Any CPU.Build.0 = Debug|Any CPU
		{3C33393F-DA7C-4A11-A7BA-96B3DED092AC}.Release|Any CPU.ActiveCfg = Release|Any CPU
		{3C33393F-DA7C-4A11-A7BA-96B3DED092AC}.Release|Any CPU.Build.0 = Release|Any CPU
		{8C8E0D41-B90B-46F0-BA42-C174A9AB8951}.Debug|Any CPU.ActiveCfg = Debug|Any CPU
		{8C8E0D41-B90B-46F0-BA42-C174A9AB8951}.Debug|Any CPU.Build.0 = Debug|Any CPU
		{8C8E0D41-B90B-46F0-BA42-C174A9AB8951}.Release|Any CPU.ActiveCfg = Release|Any CPU
		{8C8E0D41-B90B-46F0-BA42-C174A9AB8951}.Release|Any CPU.Build.0 = Release|Any CPU
		{AB6EC376-43DD-418F-BC17-67D28CC9725C}.Debug|Any CPU.ActiveCfg = Debug|Any CPU
		{AB6EC376-43DD-418F-BC17-67D28CC9725C}.Debug|Any CPU.Build.0 = Debug|Any CPU
		{AB6EC376-43DD-418F-BC17-67D28CC9725C}.Release|Any CPU.ActiveCfg = Release|Any CPU
		{AB6EC376-43DD-418F-BC17-67D28CC9725C}.Release|Any CPU.Build.0 = Release|Any CPU
		{FF586BF9-2E2F-44B4-8F90-DBDA750C0C2A}.Debug|Any CPU.ActiveCfg = Debug|Any CPU
		{FF586BF9-2E2F-44B4-8F90-DBDA750C0C2A}.Debug|Any CPU.Build.0 = Debug|Any CPU
		{FF586BF9-2E2F-44B4-8F90-DBDA750C0C2A}.Release|Any CPU.ActiveCfg = Release|Any CPU
		{FF586BF9-2E2F-44B4-8F90-DBDA750C0C2A}.Release|Any CPU.Build.0 = Release|Any CPU
		{F95B721C-90D4-444E-A1B9-4C8352DC32EC}.Debug|Any CPU.ActiveCfg = Debug|Any CPU
		{F95B721C-90D4-444E-A1B9-4C8352DC32EC}.Debug|Any CPU.Build.0 = Debug|Any CPU
		{F95B721C-90D4-444E-A1B9-4C8352DC32EC}.Release|Any CPU.ActiveCfg = Release|Any CPU
		{F95B721C-90D4-444E-A1B9-4C8352DC32EC}.Release|Any CPU.Build.0 = Release|Any CPU
		{341B4BC7-431A-4FE4-810A-AEFA918D17B4}.Debug|Any CPU.ActiveCfg = Debug|Any CPU
		{341B4BC7-431A-4FE4-810A-AEFA918D17B4}.Debug|Any CPU.Build.0 = Debug|Any CPU
		{341B4BC7-431A-4FE4-810A-AEFA918D17B4}.Release|Any CPU.ActiveCfg = Release|Any CPU
		{341B4BC7-431A-4FE4-810A-AEFA918D17B4}.Release|Any CPU.Build.0 = Release|Any CPU
		{7BCFD785-2CF8-4158-9BB5-F662237FD80B}.Debug|Any CPU.ActiveCfg = Debug|Any CPU
		{7BCFD785-2CF8-4158-9BB5-F662237FD80B}.Debug|Any CPU.Build.0 = Debug|Any CPU
		{7BCFD785-2CF8-4158-9BB5-F662237FD80B}.Release|Any CPU.ActiveCfg = Release|Any CPU
		{7BCFD785-2CF8-4158-9BB5-F662237FD80B}.Release|Any CPU.Build.0 = Release|Any CPU
		{76AEA379-5B8E-423D-AA2B-59F0D373D306}.Debug|Any CPU.ActiveCfg = Debug|Any CPU
		{76AEA379-5B8E-423D-AA2B-59F0D373D306}.Debug|Any CPU.Build.0 = Debug|Any CPU
		{76AEA379-5B8E-423D-AA2B-59F0D373D306}.Release|Any CPU.ActiveCfg = Release|Any CPU
		{76AEA379-5B8E-423D-AA2B-59F0D373D306}.Release|Any CPU.Build.0 = Release|Any CPU
		{7F0EAED7-9074-426A-82FD-7080FE5CDFB5}.Debug|Any CPU.ActiveCfg = Debug|Any CPU
		{7F0EAED7-9074-426A-82FD-7080FE5CDFB5}.Debug|Any CPU.Build.0 = Debug|Any CPU
		{7F0EAED7-9074-426A-82FD-7080FE5CDFB5}.Release|Any CPU.ActiveCfg = Release|Any CPU
		{7F0EAED7-9074-426A-82FD-7080FE5CDFB5}.Release|Any CPU.Build.0 = Release|Any CPU
		{CA718B76-E029-4F6B-A049-1EC24B28E242}.Debug|Any CPU.ActiveCfg = Debug|Any CPU
		{CA718B76-E029-4F6B-A049-1EC24B28E242}.Debug|Any CPU.Build.0 = Debug|Any CPU
		{CA718B76-E029-4F6B-A049-1EC24B28E242}.Release|Any CPU.ActiveCfg = Release|Any CPU
		{CA718B76-E029-4F6B-A049-1EC24B28E242}.Release|Any CPU.Build.0 = Release|Any CPU
		{F712C0D7-A075-4878-9179-122CEAC1176C}.Debug|Any CPU.ActiveCfg = Debug|Any CPU
		{F712C0D7-A075-4878-9179-122CEAC1176C}.Debug|Any CPU.Build.0 = Debug|Any CPU
		{F712C0D7-A075-4878-9179-122CEAC1176C}.Release|Any CPU.ActiveCfg = Release|Any CPU
		{F712C0D7-A075-4878-9179-122CEAC1176C}.Release|Any CPU.Build.0 = Release|Any CPU
		{BB560857-F319-4ADF-B69F-2314A3C945F5}.Debug|Any CPU.ActiveCfg = Debug|Any CPU
		{BB560857-F319-4ADF-B69F-2314A3C945F5}.Debug|Any CPU.Build.0 = Debug|Any CPU
		{BB560857-F319-4ADF-B69F-2314A3C945F5}.Release|Any CPU.ActiveCfg = Release|Any CPU
		{BB560857-F319-4ADF-B69F-2314A3C945F5}.Release|Any CPU.Build.0 = Release|Any CPU
	EndGlobalSection
	GlobalSection(SolutionProperties) = preSolution
		HideSolutionNode = FALSE
	EndGlobalSection
	GlobalSection(NestedProjects) = preSolution
		{7BCFD785-2CF8-4158-9BB5-F662237FD80B} = {5FD29EF6-5D7B-43E5-BA62-CF82725D41C0}
		{76AEA379-5B8E-423D-AA2B-59F0D373D306} = {5FD29EF6-5D7B-43E5-BA62-CF82725D41C0}
		{7F0EAED7-9074-426A-82FD-7080FE5CDFB5} = {3DB9533B-F38F-44FF-B6B3-3315B6FF2F55}
		{CA718B76-E029-4F6B-A049-1EC24B28E242} = {7C217025-51FA-46A7-9D5E-B1822E8B3D31}
		{F712C0D7-A075-4878-9179-122CEAC1176C} = {29F1ACF3-003A-4D52-AABA-23FA7DB870BE}
		{BB560857-F319-4ADF-B69F-2314A3C945F5} = {29F1ACF3-003A-4D52-AABA-23FA7DB870BE}
	EndGlobalSection
	GlobalSection(ExtensibilityGlobals) = postSolution
		SolutionGuid = {6945EF9E-D7CE-4607-A436-D0AFEA68FDEE}
	EndGlobalSection
EndGlobal
